{
  "name": "fee-collector-indexer",
  "version": "0.1.0",
  "lockfileVersion": 3,
  "requires": true,
  "packages": {
    "": {
      "name": "fee-collector-indexer",
      "version": "0.1.0",
      "workspaces": [
        "packages/*"
      ]
    },
    "node_modules/@fee-collector/api": {
      "resolved": "packages/api",
      "link": true
    },
    "node_modules/@fee-collector/indexer": {
      "resolved": "packages/indexer",
      "link": true
    },
    "node_modules/@fee-collector/shared": {
      "resolved": "packages/shared",
      "link": true
    },
    "packages/api": {
      "name": "@fee-collector/api",
      "version": "0.1.0"
    },
    "packages/indexer": {
      "name": "@fee-collector/indexer",
      "version": "0.1.0"
    },
    "packages/shared": {
      "name": "@fee-collector/shared",
      "version": "0.1.0"
    }
  }
}
